
Microsoft Visual Studio Solution File, Format Version 12.00
# Visual Studio Version 17
VisualStudioVersion = 17.5.33414.496
MinimumVisualStudioVersion = 10.0.40219.1
Project("{FAE04EC0-301F-11D3-BF4B-00C04F79EFBC}") = "StackIpProject", "StackIpProject\StackIpProject.csproj", "{BA346D0C-C699-49F1-8B1D-D5C710A0CDF4}"
EndProject
Global
	GlobalSection(SolutionConfigurationPlatforms) = preSolution
		Debug|Any CPU = Debug|Any CPU
		Release|Any CPU = Release|Any CPU
	EndGlobalSection
	GlobalSection(ProjectConfigurationPlatforms) = postSolution
		{BA346D0C-C699-49F1-8B1D-D5C710A0CDF4}.Debug|Any CPU.ActiveCfg = Debug|Any CPU
		{BA346D0C-C699-49F1-8B1D-D5C710A0CDF4}.Debug|Any CPU.Build.0 = Debug|Any CPU
		{BA346D0C-C699-49F1-8B1D-D5C710A0CDF4}.Release|Any CPU.ActiveCfg = Release|Any CPU
		{BA346D0C-C699-49F1-8B1D-D5C710A0CDF4}.Release|Any CPU.Build.0 = Release|Any CPU
	EndGlobalSection
	GlobalSection(SolutionProperties) = preSolution
		HideSolutionNode = FALSE
	EndGlobalSection
	GlobalSection(ExtensibilityGlobals) = postSolution
		SolutionGuid = {3D4E8FF7-29D9-49A1-84D1-04A1E6EFF37C}
	EndGlobalSection
EndGlobal
